
Microsoft Visual Studio Solution File, Format Version 12.00
# Visual Studio Version 16
VisualStudioVersion = 16.0.30523.141
MinimumVisualStudioVersion = 10.0.40219.1
Project("{FAE04EC0-301F-11D3-BF4B-00C04F79EFBC}") = "Sunshine", "Sunshine\Sunshine.csproj", "{C1F67FF6-413D-4F7E-B955-764A6F0AB4BC}"
EndProject
Global
	GlobalSection(SolutionConfigurationPlatforms) = preSolution
		Debug|Any CPU = Debug|Any CPU
		Release|Any CPU = Release|Any CPU
	EndGlobalSection
	GlobalSection(ProjectConfigurationPlatforms) = postSolution
		{C1F67FF6-413D-4F7E-B955-764A6F0AB4BC}.Debug|Any CPU.ActiveCfg = Debug|Any CPU
		{C1F67FF6-413D-4F7E-B955-764A6F0AB4BC}.Debug|Any CPU.Build.0 = Debug|Any CPU
		{C1F67FF6-413D-4F7E-B955-764A6F0AB4BC}.Release|Any CPU.ActiveCfg = Release|Any CPU
		{C1F67FF6-413D-4F7E-B955-764A6F0AB4BC}.Release|Any CPU.Build.0 = Release|Any CPU
	EndGlobalSection
	GlobalSection(SolutionProperties) = preSolution
		HideSolutionNode = FALSE
	EndGlobalSection
	GlobalSection(ExtensibilityGlobals) = postSolution
		SolutionGuid = {7F63E2A3-11E3-4A85-94F5-202C8F05F0DF}
	EndGlobalSection
EndGlobal
